// !$*UTF8*$!
{
	archiveVersion = 1;
	classes = {
	};
	objectVersion = 46;
	objects = {

/* Begin PBXBuildFile section */
		B473F3141AA9ABAC00B6BF58 /* AppDelegate.swift in Sources */ = {isa = PBXBuildFile; fileRef = B473F3131AA9ABAC00B6BF58 /* AppDelegate.swift */; };
		B473F3161AA9ABAC00B6BF58 /* ViewController.swift in Sources */ = {isa = PBXBuildFile; fileRef = B473F3151AA9ABAC00B6BF58 /* ViewController.swift */; };
		B473F3191AA9ABAC00B6BF58 /* Main.storyboard in Resources */ = {isa = PBXBuildFile; fileRef = B473F3171AA9ABAC00B6BF58 /* Main.storyboard */; };
		B473F31B1AA9ABAC00B6BF58 /* Images.xcassets in Resources */ = {isa = PBXBuildFile; fileRef = B473F31A1AA9ABAC00B6BF58 /* Images.xcassets */; };
		B473F31E1AA9ABAC00B6BF58 /* LaunchScreen.xib in Resources */ = {isa = PBXBuildFile; fileRef = B473F31C1AA9ABAC00B6BF58 /* LaunchScreen.xib */; };
		B473F32A1AA9ABAC00B6BF58 /* contactsTests.swift in Sources */ = {isa = PBXBuildFile; fileRef = B473F3291AA9ABAC00B6BF58 /* contactsTests.swift */; };
/* End PBXBuildFile section */

/* Begin PBXContainerItemProxy section */
		B473F3241AA9ABAC00B6BF58 /* PBXContainerItemProxy */ = {
			isa = PBXContainerItemProxy;
			containerPortal = B473F3061AA9ABAC00B6BF58 /* Project object */;
			proxyType = 1;
			remoteGlobalIDString = B473F30D1AA9ABAC00B6BF58;
			remoteInfo = contacts;
		};
/* End PBXContainerItemProxy section */

/* Begin PBXFileReference section */
		B473F30E1AA9ABAC00B6BF58 /* contacts.app */ = {isa = PBXFileReference; explicitFileType = wrapper.application; includeInIndex = 0; path = contacts.app; sourceTree = BUILT_PRODUCTS_DIR; };
		B473F3121AA9ABAC00B6BF58 /* Info.plist */ = {isa = PBXFileReference; lastKnownFileType = text.plist.xml; path = Info.plist; sourceTree = "<group>"; };
		B473F3131AA9ABAC00B6BF58 /* AppDelegate.swift */ = {isa = PBXFileReference; lastKnownFileType = sourcecode.swift; path = AppDelegate.swift; sourceTree = "<group>"; };
		B473F3151AA9ABAC00B6BF58 /* ViewController.swift */ = {isa = PBXFileReference; lastKnownFileType = sourcecode.swift; path = ViewController.swift; sourceTree = "<group>"; };
		B473F3181AA9ABAC00B6BF58 /* Base */ = {isa = PBXFileReference; lastKnownFileType = file.storyboard; name = Base; path = Base.lproj/Main.storyboard; sourceTree = "<group>"; };
		B473F31A1AA9ABAC00B6BF58 /* Images.xcassets */ = {isa = PBXFileReference; lastKnownFileType = folder.assetcatalog; path = Images.xcassets; sourceTree = "<group>"; };
		B473F31D1AA9ABAC00B6BF58 /* Base */ = {isa = PBXFileReference; lastKnownFileType = file.xib; name = Base; path = Base.lproj/LaunchScreen.xib; sourceTree = "<group>"; };
		B473F3231AA9ABAC00B6BF58 /* contactsTests.xctest */ = {isa = PBXFileReference; explicitFileType = wrapper.cfbundle; includeInIndex = 0; path = contactsTests.xctest; sourceTree = BUILT_PRODUCTS_DIR; };
		B473F3281AA9ABAC00B6BF58 /* Info.plist */ = {isa = PBXFileReference; lastKnownFileType = text.plist.xml; path = Info.plist; sourceTree = "<group>"; };
		B473F3291AA9ABAC00B6BF58 /* contactsTests.swift */ = {isa = PBXFileReference; lastKnownFileType = sourcecode.swift; path = contactsTests.swift; sourceTree = "<group>"; };
/* End PBXFileReference section */

/* Begin PBXFrameworksBuildPhase section */
		B473F30B1AA9ABAC00B6BF58 /* Frameworks */ = {
			isa = PBXFrameworksBuildPhase;
			buildActionMask = 2147483647;
			files = (
			);
			runOnlyForDeploymentPostprocessing = 0;
		};
		B473F3201AA9ABAC00B6BF58 /* Frameworks */ = {
			isa = PBXFrameworksBuildPhase;
			buildActionMask = 2147483647;
			files = (
			);
			runOnlyForDeploymentPostprocessing = 0;
		};
/* End PBXFrameworksBuildPhase section */

/* Begin PBXGroup section */
		B473F3051AA9ABAC00B6BF58 = {
			isa = PBXGroup;
			children = (
				B473F3101AA9ABAC00B6BF58 /* contacts */,
				B473F3261AA9ABAC00B6BF58 /* contactsTests */,
				B473F30F1AA9ABAC00B6BF58 /* Products */,
			);
			sourceTree = "<group>";
		};
		B473F30F1AA9ABAC00B6BF58 /* Products */ = {
			isa = PBXGroup;
			children = (
				B473F30E1AA9ABAC00B6BF58 /* contacts.app */,
				B473F3231AA9ABAC00B6BF58 /* contactsTests.xctest */,
			);
			name = Products;
			sourceTree = "<group>";
		};
		B473F3101AA9ABAC00B6BF58 /* contacts */ = {
			isa = PBXGroup;
			children = (
				B473F3131AA9ABAC00B6BF58 /* AppDelegate.swift */,
				B473F3151AA9ABAC00B6BF58 /* ViewController.swift */,
				B473F3171AA9ABAC00B6BF58 /* Main.storyboard */,
				B473F31A1AA9ABAC00B6BF58 /* Images.xcassets */,
				B473F31C1AA9ABAC00B6BF58 /* LaunchScreen.xib */,
				B473F3111AA9ABAC00B6BF58 /* Supporting Files */,
			);
			path = contacts;
			sourceTree = "<group>";
		};
		B473F3111AA9ABAC00B6BF58 /* Supporting Files */ = {
			isa = PBXGroup;
			children = (
				B473F3121AA9ABAC00B6BF58 /* Info.plist */,
			);
			name = "Supporting Files";
			sourceTree = "<group>";
		};
		B473F3261AA9ABAC00B6BF58 /* contactsTests */ = {
			isa = PBXGroup;
			children = (
				B473F3291AA9ABAC00B6BF58 /* contactsTests.swift */,
				B473F3271AA9ABAC00B6BF58 /* Supporting Files */,
			);
			path = contactsTests;
			sourceTree = "<group>";
		};
		B473F3271AA9ABAC00B6BF58 /* Supporting Files */ = {
			isa = PBXGroup;
			children = (
				B473F3281AA9ABAC00B6BF58 /* Info.plist */,
			);
			name = "Supporting Files";
			sourceTree = "<group>";
		};
/* End PBXGroup section */

/* Begin PBXNativeTarget section */
		B473F30D1AA9ABAC00B6BF58 /* contacts */ = {
			isa = PBXNativeTarget;
			buildConfigurationList = B473F32D1AA9ABAC00B6BF58 /* Build configuration list for PBXNativeTarget "contacts" */;
			buildPhases = (
				B473F30A1AA9ABAC00B6BF58 /* Sources */,
				B473F30B1AA9ABAC00B6BF58 /* Frameworks */,
				B473F30C1AA9ABAC00B6BF58 /* Resources */,
			);
			buildRules = (
			);
			dependencies = (
			);
			name = contacts;
			productName = contacts;
			productReference = B473F30E1AA9ABAC00B6BF58 /* contacts.app */;
			productType = "com.apple.product-type.application";
		};
		B473F3221AA9ABAC00B6BF58 /* contactsTests */ = {
			isa = PBXNativeTarget;
			buildConfigurationList = B473F3301AA9ABAC00B6BF58 /* Build configuration list for PBXNativeTarget "contactsTests" */;
			buildPhases = (
				B473F31F1AA9ABAC00B6BF58 /* Sources */,
				B473F3201AA9ABAC00B6BF58 /* Frameworks */,
				B473F3211AA9ABAC00B6BF58 /* Resources */,
			);
			buildRules = (
			);
			dependencies = (
				B473F3251AA9ABAC00B6BF58 /* PBXTargetDependency */,
			);
			name = contactsTests;
			productName = contactsTests;
			productReference = B473F3231AA9ABAC00B6BF58 /* contactsTests.xctest */;
			productType = "com.apple.product-type.bundle.unit-test";
		};
/* End PBXNativeTarget section */

/* Begin PBXProject section */
		B473F3061AA9ABAC00B6BF58 /* Project object */ = {
			isa = PBXProject;
			attributes = {
				LastUpgradeCheck = 0610;
				ORGANIZATIONNAME = DominikaBienkowska;
				TargetAttributes = {
					B473F30D1AA9ABAC00B6BF58 = {
						CreatedOnToolsVersion = 6.1.1;
					};
					B473F3221AA9ABAC00B6BF58 = {
						CreatedOnToolsVersion = 6.1.1;
						TestTargetID = B473F30D1AA9ABAC00B6BF58;
					};
				};
			};
			buildConfigurationList = B473F3091AA9ABAC00B6BF58 /* Build configuration list for PBXProject "contacts" */;
			compatibilityVersion = "Xcode 3.2";
			developmentRegion = English;
			hasScannedForEncodings = 0;
			knownRegions = (
				en,
				Base,
			);
			mainGroup = B473F3051AA9ABAC00B6BF58;
			productRefGroup = B473F30F1AA9ABAC00B6BF58 /* Products */;
			projectDirPath = "";
			projectRoot = "";
			targets = (
				B473F30D1AA9ABAC00B6BF58 /* contacts */,
				B473F3221AA9ABAC00B6BF58 /* contactsTests */,
			);
		};
/* End PBXProject section */

/* Begin PBXResourcesBuildPhase section */
		B473F30C1AA9ABAC00B6BF58 /* Resources */ = {
			isa = PBXResourcesBuildPhase;
			buildActionMask = 2147483647;
			files = (
				B473F3191AA9ABAC00B6BF58 /* Main.storyboard in Resources */,
				B473F31E1AA9ABAC00B6BF58 /* LaunchScreen.xib in Resources */,
				B473F31B1AA9ABAC00B6BF58 /* Images.xcassets in Resources */,
			);
			runOnlyForDeploymentPostprocessing = 0;
		};
		B473F3211AA9ABAC00B6BF58 /* Resources */ = {
			isa = PBXResourcesBuildPhase;
			buildActionMask = 2147483647;
			files = (
			);
			runOnlyForDeploymentPostprocessing = 0;
		};
/* End PBXResourcesBuildPhase section */

/* Begin PBXSourcesBuildPhase section */
		B473F30A1AA9ABAC00B6BF58 /* Sources */ = {
			isa = PBXSourcesBuildPhase;
			buildActionMask = 2147483647;
			files = (
				B473F3161AA9ABAC00B6BF58 /* ViewController.swift in Sources */,
				B473F3141AA9ABAC00B6BF58 /* AppDelegate.swift in Sources */,
			);
			runOnlyForDeploymentPostprocessing = 0;
		};
		B473F31F1AA9ABAC00B6BF58 /* Sources */ = {
			isa = PBXSourcesBuildPhase;
			buildActionMask = 2147483647;
			files = (
				B473F32A1AA9ABAC00B6BF58 /* contactsTests.swift in Sources */,
			);
			runOnlyForDeploymentPostprocessing = 0;
		};
/* End PBXSourcesBuildPhase section */

/* Begin PBXTargetDependency section */
		B473F3251AA9ABAC00B6BF58 /* PBXTargetDependency */ = {
			isa = PBXTargetDependency;
			target = B473F30D1AA9ABAC00B6BF58 /* contacts */;
			targetProxy = B473F3241AA9ABAC00B6BF58 /* PBXContainerItemProxy */;
		};
/* End PBXTargetDependency section */

/* Begin PBXVariantGroup section */
		B473F3171AA9ABAC00B6BF58 /* Main.storyboard */ = {
			isa = PBXVariantGroup;
			children = (
				B473F3181AA9ABAC00B6BF58 /* Base */,
			);
			name = Main.storyboard;
			sourceTree = "<group>";
		};
		B473F31C1AA9ABAC00B6BF58 /* LaunchScreen.xib */ = {
			isa = PBXVariantGroup;
			children = (
				B473F31D1AA9ABAC00B6BF58 /* Base */,
			);
			name = LaunchScreen.xib;
			sourceTree = "<group>";
		};
/* End PBXVariantGroup section */

/* Begin XCBuildConfiguration section */
		B473F32B1AA9ABAC00B6BF58 /* Debug */ = {
			isa = XCBuildConfiguration;
			buildSettings = {
				ALWAYS_SEARCH_USER_PATHS = NO;
				CLANG_CXX_LANGUAGE_STANDARD = "gnu++0x";
				CLANG_CXX_LIBRARY = "libc++";
				CLANG_ENABLE_MODULES = YES;
				CLANG_ENABLE_OBJC_ARC = YES;
				CLANG_WARN_BOOL_CONVERSION = YES;
				CLANG_WARN_CONSTANT_CONVERSION = YES;
				CLANG_WARN_DIRECT_OBJC_ISA_USAGE = YES_ERROR;
				CLANG_WARN_EMPTY_BODY = YES;
				CLANG_WARN_ENUM_CONVERSION = YES;
				CLANG_WARN_INT_CONVERSION = YES;
				CLANG_WARN_OBJC_ROOT_CLASS = YES_ERROR;
				CLANG_WARN_UNREACHABLE_CODE = YES;
				CLANG_WARN__DUPLICATE_METHOD_MATCH = YES;
				"CODE_SIGN_IDENTITY[sdk=iphoneos*]" = "iPhone Developer";
				COPY_PHASE_STRIP = NO;
				ENABLE_STRICT_OBJC_MSGSEND = YES;
				GCC_C_LANGUAGE_STANDARD = gnu99;
				GCC_DYNAMIC_NO_PIC = NO;
				GCC_OPTIMIZATION_LEVEL = 0;
				GCC_PREPROCESSOR_DEFINITIONS = (
					"DEBUG=1",
					"$(inherited)",
				);
				GCC_SYMBOLS_PRIVATE_EXTERN = NO;
				GCC_WARN_64_TO_32_BIT_CONVERSION = YES;
				GCC_WARN_ABOUT_RETURN_TYPE = YES_ERROR;
				GCC_WARN_UNDECLARED_SELECTOR = YES;
				GCC_WARN_UNINITIALIZED_AUTOS = YES_AGGRESSIVE;
				GCC_WARN_UNUSED_FUNCTION = YES;
				GCC_WARN_UNUSED_VARIABLE = YES;
				IPHONEOS_DEPLOYMENT_TARGET = 8.1;
				MTL_ENABLE_DEBUG_INFO = YES;
				ONLY_ACTIVE_ARCH = YES;
				SDKROOT = iphoneos;
				SWIFT_OPTIMIZATION_LEVEL = "-Onone";
			};
			name = Debug;
		};
		B473F32C1AA9ABAC00B6BF58 /* Release */ = {
			isa = XCBuildConfiguration;
			buildSettings = {
				ALWAYS_SEARCH_USER_PATHS = NO;
				CLANG_CXX_LANGUAGE_STANDARD = "gnu++0x";
				CLANG_CXX_LIBRARY = "libc++";
				CLANG_ENABLE_MODULES = YES;
				CLANG_ENABLE_OBJC_ARC = YES;
				CLANG_WARN_BOOL_CONVERSION = YES;
				CLANG_WARN_CONSTANT_CONVERSION = YES;
				CLANG_WARN_DIRECT_OBJC_ISA_USAGE = YES_ERROR;
				CLANG_WARN_EMPTY_BODY = YES;
				CLANG_WARN_ENUM_CONVERSION = YES;
				CLANG_WARN_INT_CONVERSION = YES;
				CLANG_WARN_OBJC_ROOT_CLASS = YES_ERROR;
				CLANG_WARN_UNREACHABLE_CODE = YES;
				CLANG_WARN__DUPLICATE_METHOD_MATCH = YES;
				"CODE_SIGN_IDENTITY[sdk=iphoneos*]" = "iPhone Developer";
				COPY_PHASE_STRIP = YES;
				ENABLE_NS_ASSERTIONS = NO;
				ENABLE_STRICT_OBJC_MSGSEND = YES;
				GCC_C_LANGUAGE_STANDARD = gnu99;
				GCC_WARN_64_TO_32_BIT_CONVERSION = YES;
				GCC_WARN_ABOUT_RETURN_TYPE = YES_ERROR;
				GCC_WARN_UNDECLARED_SELECTOR = YES;
				GCC_WARN_UNINITIALIZED_AUTOS = YES_AGGRESSIVE;
				GCC_WARN_UNUSED_FUNCTION = YES;
				GCC_WARN_UNUSED_VARIABLE = YES;
				IPHONEOS_DEPLOYMENT_TARGET = 8.1;
				MTL_ENABLE_DEBUG_INFO = NO;
				SDKROOT = iphoneos;
				VALIDATE_PRODUCT = YES;
			};
			name = Release;
		};
		B473F32E1AA9ABAC00B6BF58 /* Debug */ = {
			isa = XCBuildConfiguration;
			buildSettings = {
				ASSETCATALOG_COMPILER_APPICON_NAME = AppIcon;
				INFOPLIST_FILE = contacts/Info.plist;
				LD_RUNPATH_SEARCH_PATHS = "$(inherited) @executable_path/Frameworks";
				PRODUCT_NAME = "$(TARGET_NAME)";
			};
			name = Debug;
		};
		B473F32F1AA9ABAC00B6BF58 /* Release */ = {
			isa = XCBuildConfiguration;
			buildSettings = {
				ASSETCATALOG_COMPILER_APPICON_NAME = AppIcon;
				INFOPLIST_FILE = contacts/Info.plist;
				LD_RUNPATH_SEARCH_PATHS = "$(inherited) @executable_path/Frameworks";
				PRODUCT_NAME = "$(TARGET_NAME)";
			};
			name = Release;
		};
		B473F3311AA9ABAC00B6BF58 /* Debug */ = {
			isa = XCBuildConfiguration;
			buildSettings = {
				BUNDLE_LOADER = "$(TEST_HOST)";
				FRAMEWORK_SEARCH_PATHS = (
					"$(SDKROOT)/Developer/Library/Frameworks",
					"$(inherited)",
				);
				GCC_PREPROCESSOR_DEFINITIONS = (
					"DEBUG=1",
					"$(inherited)",
				);
				INFOPLIST_FILE = contactsTests/Info.plist;
				LD_RUNPATH_SEARCH_PATHS = "$(inherited) @executable_path/Frameworks @loader_path/Frameworks";
				PRODUCT_NAME = "$(TARGET_NAME)";
				TEST_HOST = "$(BUILT_PRODUCTS_DIR)/contacts.app/contacts";
			};
			name = Debug;
		};
		B473F3321AA9ABAC00B6BF58 /* Release */ = {
			isa = XCBuildConfiguration;
			buildSettings = {
				BUNDLE_LOADER = "$(TEST_HOST)";
				FRAMEWORK_SEARCH_PATHS = (
					"$(SDKROOT)/Developer/Library/Frameworks",
					"$(inherited)",
				);
				INFOPLIST_FILE = contactsTests/Info.plist;
				LD_RUNPATH_SEARCH_PATHS = "$(inherited) @executable_path/Frameworks @loader_path/Frameworks";
				PRODUCT_NAME = "$(TARGET_NAME)";
				TEST_HOST = "$(BUILT_PRODUCTS_DIR)/contacts.app/contacts";
			};
			name = Release;
		};
/* End XCBuildConfiguration section */

/* Begin XCConfigurationList section */
		B473F3091AA9ABAC00B6BF58 /* Build configuration list for PBXProject "contacts" */ = {
			isa = XCConfigurationList;
			buildConfigurations = (
				B473F32B1AA9ABAC00B6BF58 /* Debug */,
				B473F32C1AA9ABAC00B6BF58 /* Release */,
			);
			defaultConfigurationIsVisible = 0;
			defaultConfigurationName = Release;
		};
		B473F32D1AA9ABAC00B6BF58 /* Build configuration list for PBXNativeTarget "contacts" */ = {
			isa = XCConfigurationList;
			buildConfigurations = (
				B473F32E1AA9ABAC00B6BF58 /* Debug */,
				B473F32F1AA9ABAC00B6BF58 /* Release */,
			);
			defaultConfigurationIsVisible = 0;
		};
		B473F3301AA9ABAC00B6BF58 /* Build configuration list for PBXNativeTarget "contactsTests" */ = {
			isa = XCConfigurationList;
			buildConfigurations = (
				B473F3311AA9ABAC00B6BF58 /* Debug */,
				B473F3321AA9ABAC00B6BF58 /* Release */,
			);
			defaultConfigurationIsVisible = 0;
		};
/* End XCConfigurationList section */
	};
	rootObject = B473F3061AA9ABAC00B6BF58 /* Project object */;
}
